github.com/carlmjohnson/be v0.22.3 h1:XwpxXz+wHvZ6O+i/IxcVQaGinsDkF99bpq0VXno6Voc=
github.com/carlmjohnson/be v0.22.3/go.mod h1:KAgPUh0HpzWYZZI+IABdo80wTgY43YhbdsiLYAaSI/Q=
github.com/carlmjohnson/csv v1.20.0 h1:/QBKcZdJY0FMerK6m+uMgZRwmQ33Uj5NBqkqcitstcY=
github.com/carlmjohnson/csv v1.20.0/go.mod h1:I2Bsj5YPd8aGaLfXelcf4ANJpFlrPYkgpJnwCsTdNbI=
github.com/carlmjohnson/deque v0.23.1 h1:X2HOJM9xcglY03deMZ0oZ1V2xtbqYV7dJDnZiSZN4Ak=
github.com/carlmjohnson/deque v0.23.1/go.mod h1:LF5NJjICBrEOPx84pxPL4nCimy5n9NQjxKi5cXkh+8U=
github.com/carlmjohnson/exitcode v0.20.2 h1:vE6rmkCGNA4kO4m1qwWIa77PKlUBVg46cNjs22eAOXE=
github.com/carlmjohnson/exitcode v0.20.2/go.mod h1:MZ6ThCDx517DQcrpYnnns1pLh8onjFl+B/AsrOrdmpc=
github.com/carlmjohnson/flagx v0.22.2 h1:UXf7gL4Ffv5RIH/HKp8CGNzDyopgezFLrDO1m4F8jWc=
github.com/carlmjohnson/flagx v0.22.2/go.mod h1:obobISvBnxgEXPLBITVXhRUOlSlzza1SGt34M64CPJc=
github.com/carlmjohnson/flowmatic v0.23.4 h1:SfK6f+zKUlw4aga1ph+7/csqVeUAWnBxfqKN5gvQzzs=
github.com/carlmjohnson/flowmatic v0.23.4/go.mod h1:Jpvyl591Dvkt9chYpnVupjxlKvqkZ9CtCmqL4wfQD7U=
github.com/carlmjohnson/versioninfo v0.22.5 h1:O00sjOLUAFxYQjlN/bzYTuZiS0y6fWDQjMRvwtKgwwc=
github.com/carlmjohnson/versioninfo v0.22.5/go.mod h1:QT9mph3wcVfISUKd0i9sZfVrPviHuSF+cUtLjm2WSf8=
